
Microsoft Visual Studio Solution File, Format Version 12.00
# Visual Studio 15
VisualStudioVersion = 15.0.28307.1082
MinimumVisualStudioVersion = 10.0.40219.1
Project("{8BC9CEB8-8B4A-11D0-8D11-00A0C91BC942}") = "lab8", "lab8\lab8.vcxproj", "{1501BB5A-87D5-4034-A3BC-25EFEC05C562}"
EndProject
Global
	GlobalSection(SolutionConfigurationPlatforms) = preSolution
		Debug|x64 = Debug|x64
		Debug|x86 = Debug|x86
		Release|x64 = Release|x64
		Release|x86 = Release|x86
	EndGlobalSection
	GlobalSection(ProjectConfigurationPlatforms) = postSolution
		{1501BB5A-87D5-4034-A3BC-25EFEC05C562}.Debug|x64.ActiveCfg = Debug|x64
		{1501BB5A-87D5-4034-A3BC-25EFEC05C562}.Debug|x64.Build.0 = Debug|x64
		{1501BB5A-87D5-4034-A3BC-25EFEC05C562}.Debug|x86.ActiveCfg = Debug|Win32
		{1501BB5A-87D5-4034-A3BC-25EFEC05C562}.Debug|x86.Build.0 = Debug|Win32
		{1501BB5A-87D5-4034-A3BC-25EFEC05C562}.Release|x64.ActiveCfg = Release|x64
		{1501BB5A-87D5-4034-A3BC-25EFEC05C562}.Release|x64.Build.0 = Release|x64
		{1501BB5A-87D5-4034-A3BC-25EFEC05C562}.Release|x86.ActiveCfg = Release|Win32
		{1501BB5A-87D5-4034-A3BC-25EFEC05C562}.Release|x86.Build.0 = Release|Win32
	EndGlobalSection
	GlobalSection(SolutionProperties) = preSolution
		HideSolutionNode = FALSE
	EndGlobalSection
	GlobalSection(ExtensibilityGlobals) = postSolution
		SolutionGuid = {BFF046E8-5E85-40AA-9EFC-04E3BC9B2626}
	EndGlobalSection
EndGlobal
